{
  "version": 4,
  "terraform_version": "1.16.0",
  "serial": 20,
  "lineage": "4ae83273-90d1-5d3c-29b3-f173608a1fa7",
  "outputs": {},
  "resources": [
    {
      "mode": "managed",
      "type": "libvirt_cloudinit_disk",
      "name": "commoninit_master",
      "provider": "provider[\"registry.terraform.io/dmacvicar/libvirt\"]",
      "instances": [
        {
          "schema_version": 0,
          "attributes": {
            "id": "/mnt/s/kvm_master/commoninit_master.iso;bfd2a40c-c586-4906-92ed-35223c8355a4",
            "meta_data": "",
            "name": "commoninit_master.iso",
            "network_config": "",
            "pool": "master_pool",
            "user_data": "#cloud-config\nhostname: master\nmanage_etc_hosts: true\nssh_pwauth: true\nusers:\n  - name: n0id3a\n    sudo: ALL=(ALL) NOPASSWD:ALL\n    groups: users, admin\n    shell: /bin/bash\n    lock_passwd: false\n    ssh_authorized_keys:\n      - ssh-ed25519 AAAAC3NzaC1lZDI1NTE5AAAAIGBzuvIHRtuSZ37Ty9YAER9WZmRESo0f6R3b5PcBO5gK ansible\n\nchpasswd:\n  list: |\n    n0id3a:Analyst20!\n  expire: False"
          },
          "sensitive_attributes": [
            [
              {
                "type": "get_attr",
                "value": "user_data"
              }
            ]
          ],
          "identity_schema_version": 0,
          "private": "bnVsbA==",
          "dependencies": [
            "libvirt_pool.master_pool"
          ]
        }
      ]
    },
    {
      "mode": "managed",
      "type": "libvirt_cloudinit_disk",
      "name": "commoninit_worker",
      "provider": "provider[\"registry.terraform.io/dmacvicar/libvirt\"]",
      "instances": [
        {
          "schema_version": 0,
          "attributes": {
            "id": "/mnt/h/kvm_worker/commoninit_worker.iso;2b761006-b2d7-425f-9882-c19f630fa716",
            "meta_data": "",
            "name": "commoninit_worker.iso",
            "network_config": "",
            "pool": "worker_pool",
            "user_data": "#cloud-config\nhostname: worker\nmanage_etc_hosts: true\nssh_pwauth: true\nusers:\n  - name: n0id3a\n    sudo: ALL=(ALL) NOPASSWD:ALL\n    groups: users, admin\n    shell: /bin/bash\n    lock_passwd: false\n    ssh_authorized_keys:\n      - ssh-ed25519 AAAAC3NzaC1lZDI1NTE5AAAAIGBzuvIHRtuSZ37Ty9YAER9WZmRESo0f6R3b5PcBO5gK ansible\n\nchpasswd:\n  list: |\n    n0id3a:Analyst20!\n  expire: False"
          },
          "sensitive_attributes": [
            [
              {
                "type": "get_attr",
                "value": "user_data"
              }
            ]
          ],
          "identity_schema_version": 0,
          "private": "bnVsbA==",
          "dependencies": [
            "libvirt_pool.worker_pool"
          ]
        }
      ]
    },
    {
      "mode": "managed",
      "type": "libvirt_domain",
      "name": "k8s_master",
      "provider": "provider[\"registry.terraform.io/dmacvicar/libvirt\"]",
      "instances": [
        {
          "schema_version": 0,
          "attributes": {
            "arch": "x86_64",
            "autostart": false,
            "boot_device": [],
            "cloudinit": "/mnt/s/kvm_master/commoninit_master.iso;bfd2a40c-c586-4906-92ed-35223c8355a4",
            "cmdline": null,
            "console": [
              {
                "source_host": "127.0.0.1",
                "source_path": "",
                "source_service": "0",
                "target_port": "0",
                "target_type": "serial",
                "type": "pty"
              }
            ],
            "coreos_ignition": null,
            "cpu": [
              {
                "mode": "custom"
              }
            ],
            "description": "",
            "disk": [
              {
                "block_device": "",
                "file": "",
                "scsi": false,
                "url": "",
                "volume_id": "/mnt/s/kvm_master/master-disk.qcow2",
                "wwn": ""
              },
              {
                "block_device": "",
                "file": "",
                "scsi": false,
                "url": "",
                "volume_id": "/mnt/s/kvm_master/master-openebs-disk.qcow2",
                "wwn": ""
              }
            ],
            "emulator": "/usr/bin/qemu-system-x86_64",
            "filesystem": [],
            "firmware": null,
            "fw_cfg_name": "opt/com.coreos/config",
            "graphics": [],
            "id": "8bf97f6d-305a-4bac-8420-698e37bdb524",
            "initrd": "",
            "kernel": "",
            "machine": "pc",
            "memory": 16384,
            "metadata": null,
            "name": "k8s-master",
            "network_interface": [
              {
                "addresses": [
                  "10.17.3.10"
                ],
                "bridge": "",
                "hostname": "k8s-master",
                "mac": "52:54:00:16:B7:57",
                "macvtap": "",
                "network_id": "b1d23877-1fdd-40a8-aadf-d4506a463ec3",
                "network_name": "k8s_network",
                "passthrough": "",
                "private": "",
                "vepa": "",
                "wait_for_lease": true
              }
            ],
            "nvram": null,
            "qemu_agent": false,
            "running": true,
            "timeouts": null,
            "tpm": [],
            "type": "kvm",
            "vcpu": 5,
            "video": [],
            "xml": []
          },
          "sensitive_attributes": [],
          "identity_schema_version": 0,
          "private": "eyJlMmJmYjczMC1lY2FhLTExZTYtOGY4OC0zNDM2M2JjN2M0YzAiOnsiY3JlYXRlIjozMDAwMDAwMDAwMDB9fQ==",
          "dependencies": [
            "libvirt_cloudinit_disk.commoninit_master",
            "libvirt_pool.master_pool",
            "libvirt_volume.master_disk",
            "libvirt_volume.master_openebs_disk",
            "libvirt_volume.ubuntu_base_master"
          ]
        }
      ]
    },
    {
      "mode": "managed",
      "type": "libvirt_domain",
      "name": "k8s_worker",
      "provider": "provider[\"registry.terraform.io/dmacvicar/libvirt\"]",
      "instances": [
        {
          "schema_version": 0,
          "attributes": {
            "arch": "x86_64",
            "autostart": false,
            "boot_device": [],
            "cloudinit": "/mnt/h/kvm_worker/commoninit_worker.iso;2b761006-b2d7-425f-9882-c19f630fa716",
            "cmdline": null,
            "console": [
              {
                "source_host": "127.0.0.1",
                "source_path": "",
                "source_service": "0",
                "target_port": "0",
                "target_type": "serial",
                "type": "pty"
              }
            ],
            "coreos_ignition": null,
            "cpu": [
              {
                "mode": "custom"
              }
            ],
            "description": "",
            "disk": [
              {
                "block_device": "",
                "file": "",
                "scsi": false,
                "url": "",
                "volume_id": "/mnt/h/kvm_worker/worker-disk.qcow2",
                "wwn": ""
              }
            ],
            "emulator": "/usr/bin/qemu-system-x86_64",
            "filesystem": [],
            "firmware": null,
            "fw_cfg_name": "opt/com.coreos/config",
            "graphics": [],
            "id": "16b2ec26-3334-4040-814c-74b8fcd786c3",
            "initrd": "",
            "kernel": "",
            "machine": "pc",
            "memory": 16384,
            "metadata": null,
            "name": "k8s-worker",
            "network_interface": [
              {
                "addresses": [
                  "10.17.3.20"
                ],
                "bridge": "",
                "hostname": "k8s-worker",
                "mac": "52:54:00:E6:7C:6E",
                "macvtap": "",
                "network_id": "b1d23877-1fdd-40a8-aadf-d4506a463ec3",
                "network_name": "k8s_network",
                "passthrough": "",
                "private": "",
                "vepa": "",
                "wait_for_lease": true
              }
            ],
            "nvram": null,
            "qemu_agent": false,
            "running": true,
            "timeouts": null,
            "tpm": [],
            "type": "kvm",
            "vcpu": 5,
            "video": [],
            "xml": []
          },
          "sensitive_attributes": [],
          "identity_schema_version": 0,
          "private": "eyJlMmJmYjczMC1lY2FhLTExZTYtOGY4OC0zNDM2M2JjN2M0YzAiOnsiY3JlYXRlIjozMDAwMDAwMDAwMDB9fQ==",
          "dependencies": [
            "libvirt_cloudinit_disk.commoninit_worker",
            "libvirt_pool.worker_pool",
            "libvirt_volume.ubuntu_base_worker",
            "libvirt_volume.worker_disk"
          ]
        }
      ]
    },
    {
      "mode": "managed",
      "type": "libvirt_pool",
      "name": "master_pool",
      "provider": "provider[\"registry.terraform.io/dmacvicar/libvirt\"]",
      "instances": [
        {
          "schema_version": 0,
          "attributes": {
            "allocation": 582593388544,
            "available": 417592922112,
            "capacity": 1000186310656,
            "id": "41a036cd-61b5-4c89-80c5-791b79b1997f",
            "name": "master_pool",
            "path": "/mnt/s/kvm_master",
            "source": [],
            "target": [],
            "type": "dir",
            "xml": []
          },
          "sensitive_attributes": [],
          "identity_schema_version": 0,
          "private": "bnVsbA=="
        }
      ]
    },
    {
      "mode": "managed",
      "type": "libvirt_pool",
      "name": "worker_pool",
      "provider": "provider[\"registry.terraform.io/dmacvicar/libvirt\"]",
      "instances": [
        {
          "schema_version": 0,
          "attributes": {
            "allocation": 360062189568,
            "available": 1640318824448,
            "capacity": 2000381014016,
            "id": "fcf24dd1-81a0-46c1-aae9-f8ebafa9164a",
            "name": "worker_pool",
            "path": "/mnt/h/kvm_worker",
            "source": [],
            "target": [],
            "type": "dir",
            "xml": []
          },
          "sensitive_attributes": [],
          "identity_schema_version": 0,
          "private": "bnVsbA=="
        }
      ]
    },
    {
      "mode": "managed",
      "type": "libvirt_volume",
      "name": "master_disk",
      "provider": "provider[\"registry.terraform.io/dmacvicar/libvirt\"]",
      "instances": [
        {
          "schema_version": 0,
          "attributes": {
            "base_volume_id": "/mnt/s/kvm_master/ubuntu-base-master.qcow2",
            "base_volume_name": null,
            "base_volume_pool": null,
            "format": "qcow2",
            "id": "/mnt/s/kvm_master/master-disk.qcow2",
            "name": "master-disk.qcow2",
            "pool": "master_pool",
            "size": 26843545600,
            "source": null,
            "xml": []
          },
          "sensitive_attributes": [],
          "identity_schema_version": 0,
          "private": "bnVsbA==",
          "dependencies": [
            "libvirt_pool.master_pool",
            "libvirt_volume.ubuntu_base_master"
          ]
        }
      ]
    },
    {
      "mode": "managed",
      "type": "libvirt_volume",
      "name": "master_openebs_disk",
      "provider": "provider[\"registry.terraform.io/dmacvicar/libvirt\"]",
      "instances": [
        {
          "schema_version": 0,
          "attributes": {
            "base_volume_id": null,
            "base_volume_name": null,
            "base_volume_pool": null,
            "format": "qcow2",
            "id": "/mnt/s/kvm_master/master-openebs-disk.qcow2",
            "name": "master-openebs-disk.qcow2",
            "pool": "master_pool",
            "size": 75161927680,
            "source": null,
            "xml": []
          },
          "sensitive_attributes": [],
          "identity_schema_version": 0,
          "private": "bnVsbA==",
          "dependencies": [
            "libvirt_pool.master_pool"
          ]
        }
      ]
    },
    {
      "mode": "managed",
      "type": "libvirt_volume",
      "name": "ubuntu_base_master",
      "provider": "provider[\"registry.terraform.io/dmacvicar/libvirt\"]",
      "instances": [
        {
          "schema_version": 0,
          "attributes": {
            "base_volume_id": null,
            "base_volume_name": null,
            "base_volume_pool": null,
            "format": "qcow2",
            "id": "/mnt/s/kvm_master/ubuntu-base-master.qcow2",
            "name": "ubuntu-base-master.qcow2",
            "pool": "master_pool",
            "size": 3758096384,
            "source": "https://cloud-images.ubuntu.com/releases/26.04/release/ubuntu-26.04-server-cloudimg-amd64.img",
            "xml": []
          },
          "sensitive_attributes": [],
          "identity_schema_version": 0,
          "private": "bnVsbA==",
          "dependencies": [
            "libvirt_pool.master_pool"
          ]
        }
      ]
    },
    {
      "mode": "managed",
      "type": "libvirt_volume",
      "name": "ubuntu_base_worker",
      "provider": "provider[\"registry.terraform.io/dmacvicar/libvirt\"]",
      "instances": [
        {
          "schema_version": 0,
          "attributes": {
            "base_volume_id": null,
            "base_volume_name": null,
            "base_volume_pool": null,
            "format": "qcow2",
            "id": "/mnt/h/kvm_worker/ubuntu-base-worker.qcow2",
            "name": "ubuntu-base-worker.qcow2",
            "pool": "worker_pool",
            "size": 3758096384,
            "source": "https://cloud-images.ubuntu.com/releases/26.04/release/ubuntu-26.04-server-cloudimg-amd64.img",
            "xml": []
          },
          "sensitive_attributes": [],
          "identity_schema_version": 0,
          "private": "bnVsbA==",
          "dependencies": [
            "libvirt_pool.worker_pool"
          ]
        }
      ]
    },
    {
      "mode": "managed",
      "type": "libvirt_volume",
      "name": "worker_disk",
      "provider": "provider[\"registry.terraform.io/dmacvicar/libvirt\"]",
      "instances": [
        {
          "schema_version": 0,
          "attributes": {
            "base_volume_id": "/mnt/h/kvm_worker/ubuntu-base-worker.qcow2",
            "base_volume_name": null,
            "base_volume_pool": null,
            "format": "qcow2",
            "id": "/mnt/h/kvm_worker/worker-disk.qcow2",
            "name": "worker-disk.qcow2",
            "pool": "worker_pool",
            "size": 53687091200,
            "source": null,
            "xml": []
          },
          "sensitive_attributes": [],
          "identity_schema_version": 0,
          "private": "bnVsbA==",
          "dependencies": [
            "libvirt_pool.worker_pool",
            "libvirt_volume.ubuntu_base_worker"
          ]
        }
      ]
    }
  ],
  "check_results": null
}
