{
  "version": 4,
  "terraform_version": "1.16.0",
  "serial": 13,
  "lineage": "4ae83273-90d1-5d3c-29b3-f173608a1fa7",
  "outputs": {},
  "resources": [
    {
      "mode": "managed",
      "type": "libvirt_cloudinit_disk",
      "name": "commoninit_worker",
      "provider": "provider[\"registry.terraform.io/dmacvicar/libvirt\"]",
      "instances": [
        {
          "schema_version": 0,
          "attributes": {
            "id": "/mnt/h/kvm_worker/commoninit_worker.iso;2b761006-b2d7-425f-9882-c19f630fa716",
            "meta_data": "",
            "name": "commoninit_worker.iso",
            "network_config": "",
            "pool": "worker_pool",
            "user_data": "#cloud-config\nhostname: worker\nmanage_etc_hosts: true\nssh_pwauth: true\nusers:\n  - name: n0id3a\n    sudo: ALL=(ALL) NOPASSWD:ALL\n    groups: users, admin\n    shell: /bin/bash\n    lock_passwd: false\n    ssh_authorized_keys:\n      - ssh-ed25519 AAAAC3NzaC1lZDI1NTE5AAAAIGBzuvIHRtuSZ37Ty9YAER9WZmRESo0f6R3b5PcBO5gK ansible\n\nchpasswd:\n  list: |\n    n0id3a:Analyst20!\n  expire: False"
          },
          "sensitive_attributes": [
            [
              {
                "type": "get_attr",
                "value": "user_data"
              }
            ]
          ],
          "identity_schema_version": 0,
          "private": "bnVsbA==",
          "dependencies": [
            "libvirt_pool.worker_pool"
          ]
        }
      ]
    },
    {
      "mode": "managed",
      "type": "libvirt_pool",
      "name": "master_pool",
      "provider": "provider[\"registry.terraform.io/dmacvicar/libvirt\"]",
      "instances": [
        {
          "schema_version": 0,
          "attributes": {
            "allocation": 581761343488,
            "available": 418424967168,
            "capacity": 1000186310656,
            "id": "41a036cd-61b5-4c89-80c5-791b79b1997f",
            "name": "master_pool",
            "path": "/mnt/s/kvm_master",
            "source": [],
            "target": null,
            "type": "dir",
            "xml": []
          },
          "sensitive_attributes": [],
          "identity_schema_version": 0,
          "private": "bnVsbA=="
        }
      ]
    },
    {
      "mode": "managed",
      "type": "libvirt_pool",
      "name": "worker_pool",
      "provider": "provider[\"registry.terraform.io/dmacvicar/libvirt\"]",
      "instances": [
        {
          "schema_version": 0,
          "attributes": {
            "allocation": 359198302208,
            "available": 1641182711808,
            "capacity": 2000381014016,
            "id": "fcf24dd1-81a0-46c1-aae9-f8ebafa9164a",
            "name": "worker_pool",
            "path": "/mnt/h/kvm_worker",
            "source": [],
            "target": null,
            "type": "dir",
            "xml": []
          },
          "sensitive_attributes": [],
          "identity_schema_version": 0,
          "private": "bnVsbA=="
        }
      ]
    },
    {
      "mode": "managed",
      "type": "libvirt_volume",
      "name": "ubuntu_base_worker",
      "provider": "provider[\"registry.terraform.io/dmacvicar/libvirt\"]",
      "instances": [
        {
          "schema_version": 0,
          "attributes": {
            "base_volume_id": null,
            "base_volume_name": null,
            "base_volume_pool": null,
            "format": "qcow2",
            "id": "/mnt/h/kvm_worker/ubuntu-base-worker.qcow2",
            "name": "ubuntu-base-worker.qcow2",
            "pool": "worker_pool",
            "size": 3758096384,
            "source": "https://cloud-images.ubuntu.com/releases/26.04/release/ubuntu-26.04-server-cloudimg-amd64.img",
            "xml": []
          },
          "sensitive_attributes": [],
          "identity_schema_version": 0,
          "private": "bnVsbA==",
          "dependencies": [
            "libvirt_pool.worker_pool"
          ]
        }
      ]
    },
    {
      "mode": "managed",
      "type": "libvirt_volume",
      "name": "worker_disk",
      "provider": "provider[\"registry.terraform.io/dmacvicar/libvirt\"]",
      "instances": [
        {
          "schema_version": 0,
          "attributes": {
            "base_volume_id": "/mnt/h/kvm_worker/ubuntu-base-worker.qcow2",
            "base_volume_name": null,
            "base_volume_pool": null,
            "format": "qcow2",
            "id": "/mnt/h/kvm_worker/worker-disk.qcow2",
            "name": "worker-disk.qcow2",
            "pool": "worker_pool",
            "size": 53687091200,
            "source": null,
            "xml": []
          },
          "sensitive_attributes": [],
          "identity_schema_version": 0,
          "private": "bnVsbA==",
          "dependencies": [
            "libvirt_pool.worker_pool",
            "libvirt_volume.ubuntu_base_worker"
          ]
        }
      ]
    }
  ],
  "check_results": null
}
