{
  "version": 4,
  "terraform_version": "1.15.9",
  "serial": 23,
  "lineage": "54dbd745-6958-42aa-cbf8-84a0f7849b46",
  "outputs": {},
  "resources": [
    {
      "mode": "managed",
      "type": "libvirt_cloudinit_disk",
      "name": "commoninit_master",
      "provider": "provider[\"registry.terraform.io/dmacvicar/libvirt\"]",
      "instances": [
        {
          "schema_version": 0,
          "attributes": {
            "id": "/mnt/s/kvm_master/commoninit_master.iso;d457a685-d61b-43d6-afc0-825ff5e488ec",
            "meta_data": "",
            "name": "commoninit_master.iso",
            "network_config": "",
            "pool": "master_pool",
            "user_data": "hostname: master\nssh_pwauth: true\nusers:\n  - name: n0id3a\n    sudo: ALL=(ALL) NOPASSWD:ALL\n    groups: users, admin\n    shell: /bin/bash\n    lock_passwd: false\nchpasswd:\n  list: |\n    n0id3a:Analyst20!\n  expire: False"
          },
          "sensitive_attributes": [
            [
              {
                "type": "get_attr",
                "value": "user_data"
              }
            ]
          ],
          "identity_schema_version": 0,
          "private": "bnVsbA==",
          "dependencies": [
            "libvirt_pool.master_pool"
          ]
        }
      ]
    },
    {
      "mode": "managed",
      "type": "libvirt_cloudinit_disk",
      "name": "commoninit_worker",
      "provider": "provider[\"registry.terraform.io/dmacvicar/libvirt\"]",
      "instances": [
        {
          "schema_version": 0,
          "attributes": {
            "id": "/mnt/h/kvm_worker/commoninit_worker.iso;685ff4cf-1f5c-4e12-9a4b-bd45a15927b8",
            "meta_data": "",
            "name": "commoninit_worker.iso",
            "network_config": "",
            "pool": "worker_pool",
            "user_data": "hostname: worker\nssh_pwauth: true\nusers:\n  - name: n0id3a\n    sudo: ALL=(ALL) NOPASSWD:ALL\n    groups: users, admin\n    shell: /bin/bash\n    lock_passwd: false\nchpasswd:\n  list: |\n    n0id3a:Analyst20!\n  expire: False"
          },
          "sensitive_attributes": [
            [
              {
                "type": "get_attr",
                "value": "user_data"
              }
            ]
          ],
          "identity_schema_version": 0,
          "private": "bnVsbA==",
          "dependencies": [
            "libvirt_pool.worker_pool"
          ]
        }
      ]
    },
    {
      "mode": "managed",
      "type": "libvirt_domain",
      "name": "k8s_master",
      "provider": "provider[\"registry.terraform.io/dmacvicar/libvirt\"]",
      "instances": [
        {
          "schema_version": 0,
          "attributes": {
            "arch": "x86_64",
            "autostart": false,
            "boot_device": [],
            "cloudinit": "/mnt/s/kvm_master/commoninit_master.iso;d457a685-d61b-43d6-afc0-825ff5e488ec",
            "cmdline": [],
            "console": [
              {
                "source_host": "127.0.0.1",
                "source_path": "",
                "source_service": "0",
                "target_port": "0",
                "target_type": "serial",
                "type": "pty"
              }
            ],
            "coreos_ignition": null,
            "cpu": [
              {
                "mode": "custom"
              }
            ],
            "description": "",
            "disk": [
              {
                "block_device": "",
                "file": "",
                "scsi": false,
                "url": "",
                "volume_id": "/mnt/s/kvm_master/master-disk.qcow2",
                "wwn": ""
              },
              {
                "block_device": "",
                "file": "",
                "scsi": false,
                "url": "",
                "volume_id": "/mnt/s/kvm_master/master-openebs-disk.qcow2",
                "wwn": ""
              }
            ],
            "emulator": "/usr/bin/qemu-system-x86_64",
            "filesystem": [],
            "firmware": null,
            "fw_cfg_name": "opt/com.coreos/config",
            "graphics": [],
            "id": "81ea1d92-3a91-4c94-b831-0c002aa0f86b",
            "initrd": "",
            "kernel": "",
            "machine": "pc",
            "memory": 16384,
            "metadata": null,
            "name": "k8s-master",
            "network_interface": [
              {
                "addresses": [
                  "10.17.3.10"
                ],
                "bridge": "",
                "hostname": "k8s-master",
                "mac": "52:54:00:E2:8E:B6",
                "macvtap": "",
                "network_id": "b1d23877-1fdd-40a8-aadf-d4506a463ec3",
                "network_name": "k8s_network",
                "passthrough": "",
                "private": "",
                "vepa": "",
                "wait_for_lease": true
              }
            ],
            "nvram": [],
            "qemu_agent": false,
            "running": true,
            "timeouts": null,
            "tpm": [],
            "type": "kvm",
            "vcpu": 5,
            "video": [],
            "xml": []
          },
          "sensitive_attributes": [],
          "identity_schema_version": 0,
          "private": "eyJlMmJmYjczMC1lY2FhLTExZTYtOGY4OC0zNDM2M2JjN2M0YzAiOnsiY3JlYXRlIjozMDAwMDAwMDAwMDB9fQ==",
          "dependencies": [
            "libvirt_cloudinit_disk.commoninit_master",
            "libvirt_network.k8s_net",
            "libvirt_pool.master_pool",
            "libvirt_volume.master_disk",
            "libvirt_volume.master_openebs_disk",
            "libvirt_volume.ubuntu_base_master"
          ]
        }
      ]
    },
    {
      "mode": "managed",
      "type": "libvirt_domain",
      "name": "k8s_worker",
      "provider": "provider[\"registry.terraform.io/dmacvicar/libvirt\"]",
      "instances": [
        {
          "schema_version": 0,
          "attributes": {
            "arch": "x86_64",
            "autostart": false,
            "boot_device": [],
            "cloudinit": "/mnt/h/kvm_worker/commoninit_worker.iso;685ff4cf-1f5c-4e12-9a4b-bd45a15927b8",
            "cmdline": [],
            "console": [
              {
                "source_host": "127.0.0.1",
                "source_path": "",
                "source_service": "0",
                "target_port": "0",
                "target_type": "serial",
                "type": "pty"
              }
            ],
            "coreos_ignition": null,
            "cpu": [
              {
                "mode": "custom"
              }
            ],
            "description": "",
            "disk": [
              {
                "block_device": "",
                "file": "",
                "scsi": false,
                "url": "",
                "volume_id": "/mnt/h/kvm_worker/worker-disk.qcow2",
                "wwn": ""
              }
            ],
            "emulator": "/usr/bin/qemu-system-x86_64",
            "filesystem": [],
            "firmware": null,
            "fw_cfg_name": "opt/com.coreos/config",
            "graphics": [],
            "id": "0f097ad3-e9fe-401a-90ec-74ea6d874a2f",
            "initrd": "",
            "kernel": "",
            "machine": "pc",
            "memory": 16384,
            "metadata": null,
            "name": "k8s-worker",
            "network_interface": [
              {
                "addresses": [
                  "10.17.3.20"
                ],
                "bridge": "",
                "hostname": "k8s-worker",
                "mac": "52:54:00:FA:CA:EA",
                "macvtap": "",
                "network_id": "b1d23877-1fdd-40a8-aadf-d4506a463ec3",
                "network_name": "k8s_network",
                "passthrough": "",
                "private": "",
                "vepa": "",
                "wait_for_lease": true
              }
            ],
            "nvram": [],
            "qemu_agent": false,
            "running": true,
            "timeouts": null,
            "tpm": [],
            "type": "kvm",
            "vcpu": 5,
            "video": [],
            "xml": []
          },
          "sensitive_attributes": [],
          "identity_schema_version": 0,
          "private": "eyJlMmJmYjczMC1lY2FhLTExZTYtOGY4OC0zNDM2M2JjN2M0YzAiOnsiY3JlYXRlIjozMDAwMDAwMDAwMDB9fQ==",
          "dependencies": [
            "libvirt_cloudinit_disk.commoninit_worker",
            "libvirt_network.k8s_net",
            "libvirt_pool.worker_pool",
            "libvirt_volume.ubuntu_base_worker",
            "libvirt_volume.worker_disk"
          ]
        }
      ]
    },
    {
      "mode": "managed",
      "type": "libvirt_network",
      "name": "k8s_net",
      "provider": "provider[\"registry.terraform.io/dmacvicar/libvirt\"]",
      "instances": [
        {
          "schema_version": 0,
          "attributes": {
            "addresses": [
              "10.17.3.0/24"
            ],
            "autostart": false,
            "bridge": "virbr1",
            "dhcp": [
              {
                "enabled": true
              }
            ],
            "dns": [
              {
                "enabled": false,
                "forwarders": [],
                "hosts": [],
                "local_only": false,
                "srvs": []
              }
            ],
            "dnsmasq_options": [],
            "domain": "k8s.local",
            "id": "b1d23877-1fdd-40a8-aadf-d4506a463ec3",
            "mode": "nat",
            "mtu": null,
            "name": "k8s_network",
            "routes": [],
            "xml": []
          },
          "sensitive_attributes": [],
          "identity_schema_version": 0,
          "private": "bnVsbA=="
        }
      ]
    },
    {
      "mode": "managed",
      "type": "libvirt_pool",
      "name": "master_pool",
      "provider": "provider[\"registry.terraform.io/dmacvicar/libvirt\"]",
      "instances": [
        {
          "schema_version": 0,
          "attributes": {
            "allocation": 582622388224,
            "available": 417563922432,
            "capacity": 1000186310656,
            "id": "d7e6c691-327c-4202-9811-f12bfec16187",
            "name": "master_pool",
            "path": "/mnt/s/kvm_master",
            "source": [],
            "target": [],
            "type": "dir",
            "xml": []
          },
          "sensitive_attributes": [],
          "identity_schema_version": 0,
          "private": "bnVsbA=="
        }
      ]
    },
    {
      "mode": "managed",
      "type": "libvirt_pool",
      "name": "worker_pool",
      "provider": "provider[\"registry.terraform.io/dmacvicar/libvirt\"]",
      "instances": [
        {
          "schema_version": 0,
          "attributes": {
            "allocation": 363292565504,
            "available": 1637088448512,
            "capacity": 2000381014016,
            "id": "1ce4359a-958d-4cbb-90c9-3eeddebbcf71",
            "name": "worker_pool",
            "path": "/mnt/h/kvm_worker",
            "source": [],
            "target": [],
            "type": "dir",
            "xml": []
          },
          "sensitive_attributes": [],
          "identity_schema_version": 0,
          "private": "bnVsbA=="
        }
      ]
    },
    {
      "mode": "managed",
      "type": "libvirt_volume",
      "name": "master_disk",
      "provider": "provider[\"registry.terraform.io/dmacvicar/libvirt\"]",
      "instances": [
        {
          "schema_version": 0,
          "attributes": {
            "base_volume_id": "/mnt/s/kvm_master/ubuntu-base-master.qcow2",
            "base_volume_name": null,
            "base_volume_pool": null,
            "format": "qcow2",
            "id": "/mnt/s/kvm_master/master-disk.qcow2",
            "name": "master-disk.qcow2",
            "pool": "master_pool",
            "size": 26843545600,
            "source": null,
            "xml": []
          },
          "sensitive_attributes": [],
          "identity_schema_version": 0,
          "private": "bnVsbA==",
          "dependencies": [
            "libvirt_pool.master_pool",
            "libvirt_volume.ubuntu_base_master"
          ]
        }
      ]
    },
    {
      "mode": "managed",
      "type": "libvirt_volume",
      "name": "master_openebs_disk",
      "provider": "provider[\"registry.terraform.io/dmacvicar/libvirt\"]",
      "instances": [
        {
          "schema_version": 0,
          "attributes": {
            "base_volume_id": null,
            "base_volume_name": null,
            "base_volume_pool": null,
            "format": "qcow2",
            "id": "/mnt/s/kvm_master/master-openebs-disk.qcow2",
            "name": "master-openebs-disk.qcow2",
            "pool": "master_pool",
            "size": 75161927680,
            "source": null,
            "xml": []
          },
          "sensitive_attributes": [],
          "identity_schema_version": 0,
          "private": "bnVsbA==",
          "dependencies": [
            "libvirt_pool.master_pool"
          ]
        }
      ]
    },
    {
      "mode": "managed",
      "type": "libvirt_volume",
      "name": "ubuntu_base_master",
      "provider": "provider[\"registry.terraform.io/dmacvicar/libvirt\"]",
      "instances": [
        {
          "schema_version": 0,
          "attributes": {
            "base_volume_id": null,
            "base_volume_name": null,
            "base_volume_pool": null,
            "format": "qcow2",
            "id": "/mnt/s/kvm_master/ubuntu-base-master.qcow2",
            "name": "ubuntu-base-master.qcow2",
            "pool": "master_pool",
            "size": 3758096384,
            "source": "https://cloud-images.ubuntu.com/releases/26.04/release/ubuntu-26.04-server-cloudimg-amd64.img",
            "xml": []
          },
          "sensitive_attributes": [],
          "identity_schema_version": 0,
          "private": "bnVsbA==",
          "dependencies": [
            "libvirt_pool.master_pool"
          ]
        }
      ]
    },
    {
      "mode": "managed",
      "type": "libvirt_volume",
      "name": "ubuntu_base_worker",
      "provider": "provider[\"registry.terraform.io/dmacvicar/libvirt\"]",
      "instances": [
        {
          "schema_version": 0,
          "attributes": {
            "base_volume_id": null,
            "base_volume_name": null,
            "base_volume_pool": null,
            "format": "qcow2",
            "id": "/mnt/h/kvm_worker/ubuntu-base-worker.qcow2",
            "name": "ubuntu-base-worker.qcow2",
            "pool": "worker_pool",
            "size": 3758096384,
            "source": "https://cloud-images.ubuntu.com/releases/26.04/release/ubuntu-26.04-server-cloudimg-amd64.img",
            "xml": []
          },
          "sensitive_attributes": [],
          "identity_schema_version": 0,
          "private": "bnVsbA==",
          "dependencies": [
            "libvirt_pool.worker_pool"
          ]
        }
      ]
    },
    {
      "mode": "managed",
      "type": "libvirt_volume",
      "name": "worker_disk",
      "provider": "provider[\"registry.terraform.io/dmacvicar/libvirt\"]",
      "instances": [
        {
          "schema_version": 0,
          "attributes": {
            "base_volume_id": "/mnt/h/kvm_worker/ubuntu-base-worker.qcow2",
            "base_volume_name": null,
            "base_volume_pool": null,
            "format": "qcow2",
            "id": "/mnt/h/kvm_worker/worker-disk.qcow2",
            "name": "worker-disk.qcow2",
            "pool": "worker_pool",
            "size": 53687091200,
            "source": null,
            "xml": []
          },
          "sensitive_attributes": [],
          "identity_schema_version": 0,
          "private": "bnVsbA==",
          "dependencies": [
            "libvirt_pool.worker_pool",
            "libvirt_volume.ubuntu_base_worker"
          ]
        }
      ]
    }
  ],
  "check_results": null
}
